
Microsoft Visual Studio Solution File, Format Version 12.00
# Visual Studio Version 16
VisualStudioVersion = 16.0.29806.167
MinimumVisualStudioVersion = 10.0.40219.1
Project("{FAE04EC0-301F-11D3-BF4B-00C04F79EFBC}") = "webapp", "webapp.csproj", "{08AABC3E-7E0D-4051-A14A-14F894C35DDB}"
EndProject
Global
	GlobalSection(SolutionConfigurationPlatforms) = preSolution
		Debug|Any CPU = Debug|Any CPU
		Release|Any CPU = Release|Any CPU
	EndGlobalSection
	GlobalSection(ProjectConfigurationPlatforms) = postSolution
		{08AABC3E-7E0D-4051-A14A-14F894C35DDB}.Debug|Any CPU.ActiveCfg = Debug|Any CPU
		{08AABC3E-7E0D-4051-A14A-14F894C35DDB}.Debug|Any CPU.Build.0 = Debug|Any CPU
		{08AABC3E-7E0D-4051-A14A-14F894C35DDB}.Release|Any CPU.ActiveCfg = Release|Any CPU
		{08AABC3E-7E0D-4051-A14A-14F894C35DDB}.Release|Any CPU.Build.0 = Release|Any CPU
	EndGlobalSection
	GlobalSection(SolutionProperties) = preSolution
		HideSolutionNode = FALSE
	EndGlobalSection
	GlobalSection(ExtensibilityGlobals) = postSolution
		SolutionGuid = {D40479C1-8C74-448B-B0C7-D3A87AAFE851}
	EndGlobalSection
EndGlobal
